
Microsoft Visual Studio Solution File, Format Version 11.00
# Visual Studio 2010
Project("{FAE04EC0-301F-11D3-BF4B-00C04F79EFBC}") = "Game", "Game\Game.csproj", "{39503301-C556-4CC0-A41D-AF0BC13AFD3C}"
EndProject
Project("{FAE04EC0-301F-11D3-BF4B-00C04F79EFBC}") = "Meshomatic", "Meshomatic\Meshomatic.csproj", "{D52F55A8-08E5-488E-AD0F-BF49B1F29A5F}"
EndProject
Global
	GlobalSection(SolutionConfigurationPlatforms) = preSolution
		Debug|x86 = Debug|x86
		Release|x86 = Release|x86
	EndGlobalSection
	GlobalSection(ProjectConfigurationPlatforms) = postSolution
		{39503301-C556-4CC0-A41D-AF0BC13AFD3C}.Debug|x86.ActiveCfg = Debug|x86
		{39503301-C556-4CC0-A41D-AF0BC13AFD3C}.Debug|x86.Build.0 = Debug|x86
		{39503301-C556-4CC0-A41D-AF0BC13AFD3C}.Release|x86.ActiveCfg = Release|x86
		{39503301-C556-4CC0-A41D-AF0BC13AFD3C}.Release|x86.Build.0 = Release|x86
		{D52F55A8-08E5-488E-AD0F-BF49B1F29A5F}.Debug|x86.ActiveCfg = Debug|Any CPU
		{D52F55A8-08E5-488E-AD0F-BF49B1F29A5F}.Debug|x86.Build.0 = Debug|Any CPU
		{D52F55A8-08E5-488E-AD0F-BF49B1F29A5F}.Release|x86.ActiveCfg = Release|Any CPU
		{D52F55A8-08E5-488E-AD0F-BF49B1F29A5F}.Release|x86.Build.0 = Release|Any CPU
	EndGlobalSection
	GlobalSection(MonoDevelopProperties) = preSolution
		StartupItem = Game\Game.csproj
	EndGlobalSection
EndGlobal
